
Microsoft Visual Studio Solution File, Format Version 12.00
# Visual Studio Version 16
VisualStudioVersion = 16.0.29519.181
MinimumVisualStudioVersion = 10.0.40219.1
Project("{FAE04EC0-301F-11D3-BF4B-00C04F79EFBC}") = "user questionnaire application", "user questionnaire application.csproj", "{B4ACD566-0A02-439B-98E1-F6AE5D920CB0}"
EndProject
Global
	GlobalSection(SolutionConfigurationPlatforms) = preSolution
		Debug|Any CPU = Debug|Any CPU
		Release|Any CPU = Release|Any CPU
	EndGlobalSection
	GlobalSection(ProjectConfigurationPlatforms) = postSolution
		{B4ACD566-0A02-439B-98E1-F6AE5D920CB0}.Debug|Any CPU.ActiveCfg = Debug|Any CPU
		{B4ACD566-0A02-439B-98E1-F6AE5D920CB0}.Debug|Any CPU.Build.0 = Debug|Any CPU
		{B4ACD566-0A02-439B-98E1-F6AE5D920CB0}.Release|Any CPU.ActiveCfg = Release|Any CPU
		{B4ACD566-0A02-439B-98E1-F6AE5D920CB0}.Release|Any CPU.Build.0 = Release|Any CPU
	EndGlobalSection
	GlobalSection(SolutionProperties) = preSolution
		HideSolutionNode = FALSE
	EndGlobalSection
	GlobalSection(ExtensibilityGlobals) = postSolution
		SolutionGuid = {CF61314B-813C-4295-944F-AA6AC23F62A6}
	EndGlobalSection
EndGlobal
